
Microsoft Visual Studio Solution File, Format Version 12.00
# Visual Studio 14
VisualStudioVersion = 14.0.23107.0
MinimumVisualStudioVersion = 10.0.40219.1
Project("{FAE04EC0-301F-11D3-BF4B-00C04F79EFBC}") = "CardTable", "CardTable\CardTable.csproj", "{EC792EA9-A755-41CD-91C9-DADD0F378B3C}"
EndProject
Project("{FAE04EC0-301F-11D3-BF4B-00C04F79EFBC}") = "CardTableTests", "CardTableTests\CardTableTests.csproj", "{F3FA3E05-3F78-49E6-B697-D04CABC94DD0}"
EndProject
Project("{FAE04EC0-301F-11D3-BF4B-00C04F79EFBC}") = "ConsoleApp", "ConsoleApp\ConsoleApp.csproj", "{0D8D9613-BED0-4B0E-9CCB-94D2893ABD12}"
EndProject
Global
	GlobalSection(SolutionConfigurationPlatforms) = preSolution
		Debug|Any CPU = Debug|Any CPU
		Release|Any CPU = Release|Any CPU
	EndGlobalSection
	GlobalSection(ProjectConfigurationPlatforms) = postSolution
		{EC792EA9-A755-41CD-91C9-DADD0F378B3C}.Debug|Any CPU.ActiveCfg = Debug|Any CPU
		{EC792EA9-A755-41CD-91C9-DADD0F378B3C}.Debug|Any CPU.Build.0 = Debug|Any CPU
		{EC792EA9-A755-41CD-91C9-DADD0F378B3C}.Release|Any CPU.ActiveCfg = Release|Any CPU
		{EC792EA9-A755-41CD-91C9-DADD0F378B3C}.Release|Any CPU.Build.0 = Release|Any CPU
		{F3FA3E05-3F78-49E6-B697-D04CABC94DD0}.Debug|Any CPU.ActiveCfg = Debug|Any CPU
		{F3FA3E05-3F78-49E6-B697-D04CABC94DD0}.Debug|Any CPU.Build.0 = Debug|Any CPU
		{F3FA3E05-3F78-49E6-B697-D04CABC94DD0}.Release|Any CPU.ActiveCfg = Release|Any CPU
		{F3FA3E05-3F78-49E6-B697-D04CABC94DD0}.Release|Any CPU.Build.0 = Release|Any CPU
		{0D8D9613-BED0-4B0E-9CCB-94D2893ABD12}.Debug|Any CPU.ActiveCfg = Debug|Any CPU
		{0D8D9613-BED0-4B0E-9CCB-94D2893ABD12}.Debug|Any CPU.Build.0 = Debug|Any CPU
		{0D8D9613-BED0-4B0E-9CCB-94D2893ABD12}.Release|Any CPU.ActiveCfg = Release|Any CPU
		{0D8D9613-BED0-4B0E-9CCB-94D2893ABD12}.Release|Any CPU.Build.0 = Release|Any CPU
	EndGlobalSection
	GlobalSection(SolutionProperties) = preSolution
		HideSolutionNode = FALSE
	EndGlobalSection
EndGlobal
